github.com/google/go-cmp v0.3.1 h1:Xye71clBPdm5HgqGwUkwhbynsUJZhDbS20FvLhQ2izg=
github.com/google/go-cmp v0.3.1/go.mod h1:8QqcDgzrUqlUb/G2PQTWiueGozuR1884gddMywk6iLU=
github.com/jiaxinbu/go-openvswitch v0.0.0-20190910225424-b94211b3048f h1:9ps+/3gf5hIKK08nxtLDS6+JMZSVhIitVUTwxw9Ff6I=
github.com/jiaxinbu/go-openvswitch v0.0.0-20190910225424-b94211b3048f/go.mod h1:y4Ue3CFgN7LOvawTUzI8lPvj7mk2ylDck8GsLLcuowE=
